// !$*UTF8*$!
{
	archiveVersion = 1;
	classes = {
	};
	objectVersion = 48;
	objects = {

/* Begin PBXBuildFile section */
		32C4D462206E9F4000030A6C /* AppDelegate.swift in Sources */ = {isa = PBXBuildFile; fileRef = 32C4D461206E9F4000030A6C /* AppDelegate.swift */; };
		32C4D464206E9F4000030A6C /* ViewController.swift in Sources */ = {isa = PBXBuildFile; fileRef = 32C4D463206E9F4000030A6C /* ViewController.swift */; };
		32C4D467206E9F4000030A6C /* Main.storyboard in Resources */ = {isa = PBXBuildFile; fileRef = 32C4D465206E9F4000030A6C /* Main.storyboard */; };
		32C4D469206E9F4000030A6C /* Assets.xcassets in Resources */ = {isa = PBXBuildFile; fileRef = 32C4D468206E9F4000030A6C /* Assets.xcassets */; };
		32C4D46C206E9F4000030A6C /* LaunchScreen.storyboard in Resources */ = {isa = PBXBuildFile; fileRef = 32C4D46A206E9F4000030A6C /* LaunchScreen.storyboard */; };
		32C4D477206E9F4000030A6C /* PhoneBookTests.swift in Sources */ = {isa = PBXBuildFile; fileRef = 32C4D476206E9F4000030A6C /* PhoneBookTests.swift */; };
		32C4D482206E9F4000030A6C /* PhoneBookUITests.swift in Sources */ = {isa = PBXBuildFile; fileRef = 32C4D481206E9F4000030A6C /* PhoneBookUITests.swift */; };
/* End PBXBuildFile section */

/* Begin PBXContainerItemProxy section */
		32C4D473206E9F4000030A6C /* PBXContainerItemProxy */ = {
			isa = PBXContainerItemProxy;
			containerPortal = 32C4D456206E9F4000030A6C /* Project object */;
			proxyType = 1;
			remoteGlobalIDString = 32C4D45D206E9F4000030A6C;
			remoteInfo = PhoneBook;
		};
		32C4D47E206E9F4000030A6C /* PBXContainerItemProxy */ = {
			isa = PBXContainerItemProxy;
			containerPortal = 32C4D456206E9F4000030A6C /* Project object */;
			proxyType = 1;
			remoteGlobalIDString = 32C4D45D206E9F4000030A6C;
			remoteInfo = PhoneBook;
		};
/* End PBXContainerItemProxy section */

/* Begin PBXFileReference section */
		32C4D45E206E9F4000030A6C /* PhoneBook.app */ = {isa = PBXFileReference; explicitFileType = wrapper.application; includeInIndex = 0; path = PhoneBook.app; sourceTree = BUILT_PRODUCTS_DIR; };
		32C4D461206E9F4000030A6C /* AppDelegate.swift */ = {isa = PBXFileReference; lastKnownFileType = sourcecode.swift; path = AppDelegate.swift; sourceTree = "<group>"; };
		32C4D463206E9F4000030A6C /* ViewController.swift */ = {isa = PBXFileReference; lastKnownFileType = sourcecode.swift; path = ViewController.swift; sourceTree = "<group>"; };
		32C4D466206E9F4000030A6C /* Base */ = {isa = PBXFileReference; lastKnownFileType = file.storyboard; name = Base; path = Base.lproj/Main.storyboard; sourceTree = "<group>"; };
		32C4D468206E9F4000030A6C /* Assets.xcassets */ = {isa = PBXFileReference; lastKnownFileType = folder.assetcatalog; path = Assets.xcassets; sourceTree = "<group>"; };
		32C4D46B206E9F4000030A6C /* Base */ = {isa = PBXFileReference; lastKnownFileType = file.storyboard; name = Base; path = Base.lproj/LaunchScreen.storyboard; sourceTree = "<group>"; };
		32C4D46D206E9F4000030A6C /* Info.plist */ = {isa = PBXFileReference; lastKnownFileType = text.plist.xml; path = Info.plist; sourceTree = "<group>"; };
		32C4D472206E9F4000030A6C /* PhoneBookTests.xctest */ = {isa = PBXFileReference; explicitFileType = wrapper.cfbundle; includeInIndex = 0; path = PhoneBookTests.xctest; sourceTree = BUILT_PRODUCTS_DIR; };
		32C4D476206E9F4000030A6C /* PhoneBookTests.swift */ = {isa = PBXFileReference; lastKnownFileType = sourcecode.swift; path = PhoneBookTests.swift; sourceTree = "<group>"; };
		32C4D478206E9F4000030A6C /* Info.plist */ = {isa = PBXFileReference; lastKnownFileType = text.plist.xml; path = Info.plist; sourceTree = "<group>"; };
		32C4D47D206E9F4000030A6C /* PhoneBookUITests.xctest */ = {isa = PBXFileReference; explicitFileType = wrapper.cfbundle; includeInIndex = 0; path = PhoneBookUITests.xctest; sourceTree = BUILT_PRODUCTS_DIR; };
		32C4D481206E9F4000030A6C /* PhoneBookUITests.swift */ = {isa = PBXFileReference; lastKnownFileType = sourcecode.swift; path = PhoneBookUITests.swift; sourceTree = "<group>"; };
		32C4D483206E9F4000030A6C /* Info.plist */ = {isa = PBXFileReference; lastKnownFileType = text.plist.xml; path = Info.plist; sourceTree = "<group>"; };
/* End PBXFileReference section */

/* Begin PBXFrameworksBuildPhase section */
		32C4D45B206E9F4000030A6C /* Frameworks */ = {
			isa = PBXFrameworksBuildPhase;
			buildActionMask = 2147483647;
			files = (
			);
			runOnlyForDeploymentPostprocessing = 0;
		};
		32C4D46F206E9F4000030A6C /* Frameworks */ = {
			isa = PBXFrameworksBuildPhase;
			buildActionMask = 2147483647;
			files = (
			);
			runOnlyForDeploymentPostprocessing = 0;
		};
		32C4D47A206E9F4000030A6C /* Frameworks */ = {
			isa = PBXFrameworksBuildPhase;
			buildActionMask = 2147483647;
			files = (
			);
			runOnlyForDeploymentPostprocessing = 0;
		};
/* End PBXFrameworksBuildPhase section */

/* Begin PBXGroup section */
		32C4D455206E9F4000030A6C = {
			isa = PBXGroup;
			children = (
				32C4D460206E9F4000030A6C /* PhoneBook */,
				32C4D475206E9F4000030A6C /* PhoneBookTests */,
				32C4D480206E9F4000030A6C /* PhoneBookUITests */,
				32C4D45F206E9F4000030A6C /* Products */,
			);
			sourceTree = "<group>";
		};
		32C4D45F206E9F4000030A6C /* Products */ = {
			isa = PBXGroup;
			children = (
				32C4D45E206E9F4000030A6C /* PhoneBook.app */,
				32C4D472206E9F4000030A6C /* PhoneBookTests.xctest */,
				32C4D47D206E9F4000030A6C /* PhoneBookUITests.xctest */,
			);
			name = Products;
			sourceTree = "<group>";
		};
		32C4D460206E9F4000030A6C /* PhoneBook */ = {
			isa = PBXGroup;
			children = (
				32C4D461206E9F4000030A6C /* AppDelegate.swift */,
				32C4D463206E9F4000030A6C /* ViewController.swift */,
				32C4D465206E9F4000030A6C /* Main.storyboard */,
				32C4D468206E9F4000030A6C /* Assets.xcassets */,
				32C4D46A206E9F4000030A6C /* LaunchScreen.storyboard */,
				32C4D46D206E9F4000030A6C /* Info.plist */,
			);
			path = PhoneBook;
			sourceTree = "<group>";
		};
		32C4D475206E9F4000030A6C /* PhoneBookTests */ = {
			isa = PBXGroup;
			children = (
				32C4D476206E9F4000030A6C /* PhoneBookTests.swift */,
				32C4D478206E9F4000030A6C /* Info.plist */,
			);
			path = PhoneBookTests;
			sourceTree = "<group>";
		};
		32C4D480206E9F4000030A6C /* PhoneBookUITests */ = {
			isa = PBXGroup;
			children = (
				32C4D481206E9F4000030A6C /* PhoneBookUITests.swift */,
				32C4D483206E9F4000030A6C /* Info.plist */,
			);
			path = PhoneBookUITests;
			sourceTree = "<group>";
		};
/* End PBXGroup section */

/* Begin PBXNativeTarget section */
		32C4D45D206E9F4000030A6C /* PhoneBook */ = {
			isa = PBXNativeTarget;
			buildConfigurationList = 32C4D486206E9F4000030A6C /* Build configuration list for PBXNativeTarget "PhoneBook" */;
			buildPhases = (
				32C4D45A206E9F4000030A6C /* Sources */,
				32C4D45B206E9F4000030A6C /* Frameworks */,
				32C4D45C206E9F4000030A6C /* Resources */,
			);
			buildRules = (
			);
			dependencies = (
			);
			name = PhoneBook;
			productName = PhoneBook;
			productReference = 32C4D45E206E9F4000030A6C /* PhoneBook.app */;
			productType = "com.apple.product-type.application";
		};
		32C4D471206E9F4000030A6C /* PhoneBookTests */ = {
			isa = PBXNativeTarget;
			buildConfigurationList = 32C4D489206E9F4000030A6C /* Build configuration list for PBXNativeTarget "PhoneBookTests" */;
			buildPhases = (
				32C4D46E206E9F4000030A6C /* Sources */,
				32C4D46F206E9F4000030A6C /* Frameworks */,
				32C4D470206E9F4000030A6C /* Resources */,
			);
			buildRules = (
			);
			dependencies = (
				32C4D474206E9F4000030A6C /* PBXTargetDependency */,
			);
			name = PhoneBookTests;
			productName = PhoneBookTests;
			productReference = 32C4D472206E9F4000030A6C /* PhoneBookTests.xctest */;
			productType = "com.apple.product-type.bundle.unit-test";
		};
		32C4D47C206E9F4000030A6C /* PhoneBookUITests */ = {
			isa = PBXNativeTarget;
			buildConfigurationList = 32C4D48C206E9F4000030A6C /* Build configuration list for PBXNativeTarget "PhoneBookUITests" */;
			buildPhases = (
				32C4D479206E9F4000030A6C /* Sources */,
				32C4D47A206E9F4000030A6C /* Frameworks */,
				32C4D47B206E9F4000030A6C /* Resources */,
			);
			buildRules = (
			);
			dependencies = (
				32C4D47F206E9F4000030A6C /* PBXTargetDependency */,
			);
			name = PhoneBookUITests;
			productName = PhoneBookUITests;
			productReference = 32C4D47D206E9F4000030A6C /* PhoneBookUITests.xctest */;
			productType = "com.apple.product-type.bundle.ui-testing";
		};
/* End PBXNativeTarget section */

/* Begin PBXProject section */
		32C4D456206E9F4000030A6C /* Project object */ = {
			isa = PBXProject;
			attributes = {
				LastSwiftUpdateCheck = 0910;
				LastUpgradeCheck = 0910;
				ORGANIZATIONNAME = dima;
				TargetAttributes = {
					32C4D45D206E9F4000030A6C = {
						CreatedOnToolsVersion = 9.1;
						ProvisioningStyle = Automatic;
					};
					32C4D471206E9F4000030A6C = {
						CreatedOnToolsVersion = 9.1;
						ProvisioningStyle = Automatic;
						TestTargetID = 32C4D45D206E9F4000030A6C;
					};
					32C4D47C206E9F4000030A6C = {
						CreatedOnToolsVersion = 9.1;
						ProvisioningStyle = Automatic;
						TestTargetID = 32C4D45D206E9F4000030A6C;
					};
				};
			};
			buildConfigurationList = 32C4D459206E9F4000030A6C /* Build configuration list for PBXProject "PhoneBook" */;
			compatibilityVersion = "Xcode 8.0";
			developmentRegion = en;
			hasScannedForEncodings = 0;
			knownRegions = (
				en,
				Base,
			);
			mainGroup = 32C4D455206E9F4000030A6C;
			productRefGroup = 32C4D45F206E9F4000030A6C /* Products */;
			projectDirPath = "";
			projectRoot = "";
			targets = (
				32C4D45D206E9F4000030A6C /* PhoneBook */,
				32C4D471206E9F4000030A6C /* PhoneBookTests */,
				32C4D47C206E9F4000030A6C /* PhoneBookUITests */,
			);
		};
/* End PBXProject section */

/* Begin PBXResourcesBuildPhase section */
		32C4D45C206E9F4000030A6C /* Resources */ = {
			isa = PBXResourcesBuildPhase;
			buildActionMask = 2147483647;
			files = (
				32C4D46C206E9F4000030A6C /* LaunchScreen.storyboard in Resources */,
				32C4D469206E9F4000030A6C /* Assets.xcassets in Resources */,
				32C4D467206E9F4000030A6C /* Main.storyboard in Resources */,
			);
			runOnlyForDeploymentPostprocessing = 0;
		};
		32C4D470206E9F4000030A6C /* Resources */ = {
			isa = PBXResourcesBuildPhase;
			buildActionMask = 2147483647;
			files = (
			);
			runOnlyForDeploymentPostprocessing = 0;
		};
		32C4D47B206E9F4000030A6C /* Resources */ = {
			isa = PBXResourcesBuildPhase;
			buildActionMask = 2147483647;
			files = (
			);
			runOnlyForDeploymentPostprocessing = 0;
		};
/* End PBXResourcesBuildPhase section */

/* Begin PBXSourcesBuildPhase section */
		32C4D45A206E9F4000030A6C /* Sources */ = {
			isa = PBXSourcesBuildPhase;
			buildActionMask = 2147483647;
			files = (
				32C4D464206E9F4000030A6C /* ViewController.swift in Sources */,
				32C4D462206E9F4000030A6C /* AppDelegate.swift in Sources */,
			);
			runOnlyForDeploymentPostprocessing = 0;
		};
		32C4D46E206E9F4000030A6C /* Sources */ = {
			isa = PBXSourcesBuildPhase;
			buildActionMask = 2147483647;
			files = (
				32C4D477206E9F4000030A6C /* PhoneBookTests.swift in Sources */,
			);
			runOnlyForDeploymentPostprocessing = 0;
		};
		32C4D479206E9F4000030A6C /* Sources */ = {
			isa = PBXSourcesBuildPhase;
			buildActionMask = 2147483647;
			files = (
				32C4D482206E9F4000030A6C /* PhoneBookUITests.swift in Sources */,
			);
			runOnlyForDeploymentPostprocessing = 0;
		};
/* End PBXSourcesBuildPhase section */

/* Begin PBXTargetDependency section */
		32C4D474206E9F4000030A6C /* PBXTargetDependency */ = {
			isa = PBXTargetDependency;
			target = 32C4D45D206E9F4000030A6C /* PhoneBook */;
			targetProxy = 32C4D473206E9F4000030A6C /* PBXContainerItemProxy */;
		};
		32C4D47F206E9F4000030A6C /* PBXTargetDependency */ = {
			isa = PBXTargetDependency;
			target = 32C4D45D206E9F4000030A6C /* PhoneBook */;
			targetProxy = 32C4D47E206E9F4000030A6C /* PBXContainerItemProxy */;
		};
/* End PBXTargetDependency section */

/* Begin PBXVariantGroup section */
		32C4D465206E9F4000030A6C /* Main.storyboard */ = {
			isa = PBXVariantGroup;
			children = (
				32C4D466206E9F4000030A6C /* Base */,
			);
			name = Main.storyboard;
			sourceTree = "<group>";
		};
		32C4D46A206E9F4000030A6C /* LaunchScreen.storyboard */ = {
			isa = PBXVariantGroup;
			children = (
				32C4D46B206E9F4000030A6C /* Base */,
			);
			name = LaunchScreen.storyboard;
			sourceTree = "<group>";
		};
/* End PBXVariantGroup section */

/* Begin XCBuildConfiguration section */
		32C4D484206E9F4000030A6C /* Debug */ = {
			isa = XCBuildConfiguration;
			buildSettings = {
				ALWAYS_SEARCH_USER_PATHS = NO;
				CLANG_ANALYZER_NONNULL = YES;
				CLANG_ANALYZER_NUMBER_OBJECT_CONVERSION = YES_AGGRESSIVE;
				CLANG_CXX_LANGUAGE_STANDARD = "gnu++14";
				CLANG_CXX_LIBRARY = "libc++";
				CLANG_ENABLE_MODULES = YES;
				CLANG_ENABLE_OBJC_ARC = YES;
				CLANG_WARN_BLOCK_CAPTURE_AUTORELEASING = YES;
				CLANG_WARN_BOOL_CONVERSION = YES;
				CLANG_WARN_COMMA = YES;
				CLANG_WARN_CONSTANT_CONVERSION = YES;
				CLANG_WARN_DIRECT_OBJC_ISA_USAGE = YES_ERROR;
				CLANG_WARN_DOCUMENTATION_COMMENTS = YES;
				CLANG_WARN_EMPTY_BODY = YES;
				CLANG_WARN_ENUM_CONVERSION = YES;
				CLANG_WARN_INFINITE_RECURSION = YES;
				CLANG_WARN_INT_CONVERSION = YES;
				CLANG_WARN_NON_LITERAL_NULL_CONVERSION = YES;
				CLANG_WARN_OBJC_LITERAL_CONVERSION = YES;
				CLANG_WARN_OBJC_ROOT_CLASS = YES_ERROR;
				CLANG_WARN_RANGE_LOOP_ANALYSIS = YES;
				CLANG_WARN_STRICT_PROTOTYPES = YES;
				CLANG_WARN_SUSPICIOUS_MOVE = YES;
				CLANG_WARN_UNGUARDED_AVAILABILITY = YES_AGGRESSIVE;
				CLANG_WARN_UNREACHABLE_CODE = YES;
				CLANG_WARN__DUPLICATE_METHOD_MATCH = YES;
				CODE_SIGN_IDENTITY = "iPhone Developer";
				COPY_PHASE_STRIP = NO;
				DEBUG_INFORMATION_FORMAT = dwarf;
				ENABLE_STRICT_OBJC_MSGSEND = YES;
				ENABLE_TESTABILITY = YES;
				GCC_C_LANGUAGE_STANDARD = gnu11;
				GCC_DYNAMIC_NO_PIC = NO;
				GCC_NO_COMMON_BLOCKS = YES;
				GCC_OPTIMIZATION_LEVEL = 0;
				GCC_PREPROCESSOR_DEFINITIONS = (
					"DEBUG=1",
					"$(inherited)",
				);
				GCC_WARN_64_TO_32_BIT_CONVERSION = YES;
				GCC_WARN_ABOUT_RETURN_TYPE = YES_ERROR;
				GCC_WARN_UNDECLARED_SELECTOR = YES;
				GCC_WARN_UNINITIALIZED_AUTOS = YES_AGGRESSIVE;
				GCC_WARN_UNUSED_FUNCTION = YES;
				GCC_WARN_UNUSED_VARIABLE = YES;
				IPHONEOS_DEPLOYMENT_TARGET = 11.1;
				MTL_ENABLE_DEBUG_INFO = YES;
				ONLY_ACTIVE_ARCH = YES;
				SDKROOT = iphoneos;
				SWIFT_ACTIVE_COMPILATION_CONDITIONS = DEBUG;
				SWIFT_OPTIMIZATION_LEVEL = "-Onone";
			};
			name = Debug;
		};
		32C4D485206E9F4000030A6C /* Release */ = {
			isa = XCBuildConfiguration;
			buildSettings = {
				ALWAYS_SEARCH_USER_PATHS = NO;
				CLANG_ANALYZER_NONNULL = YES;
				CLANG_ANALYZER_NUMBER_OBJECT_CONVERSION = YES_AGGRESSIVE;
				CLANG_CXX_LANGUAGE_STANDARD = "gnu++14";
				CLANG_CXX_LIBRARY = "libc++";
				CLANG_ENABLE_MODULES = YES;
				CLANG_ENABLE_OBJC_ARC = YES;
				CLANG_WARN_BLOCK_CAPTURE_AUTORELEASING = YES;
				CLANG_WARN_BOOL_CONVERSION = YES;
				CLANG_WARN_COMMA = YES;
				CLANG_WARN_CONSTANT_CONVERSION = YES;
				CLANG_WARN_DIRECT_OBJC_ISA_USAGE = YES_ERROR;
				CLANG_WARN_DOCUMENTATION_COMMENTS = YES;
				CLANG_WARN_EMPTY_BODY = YES;
				CLANG_WARN_ENUM_CONVERSION = YES;
				CLANG_WARN_INFINITE_RECURSION = YES;
				CLANG_WARN_INT_CONVERSION = YES;
				CLANG_WARN_NON_LITERAL_NULL_CONVERSION = YES;
				CLANG_WARN_OBJC_LITERAL_CONVERSION = YES;
				CLANG_WARN_OBJC_ROOT_CLASS = YES_ERROR;
				CLANG_WARN_RANGE_LOOP_ANALYSIS = YES;
				CLANG_WARN_STRICT_PROTOTYPES = YES;
				CLANG_WARN_SUSPICIOUS_MOVE = YES;
				CLANG_WARN_UNGUARDED_AVAILABILITY = YES_AGGRESSIVE;
				CLANG_WARN_UNREACHABLE_CODE = YES;
				CLANG_WARN__DUPLICATE_METHOD_MATCH = YES;
				CODE_SIGN_IDENTITY = "iPhone Developer";
				COPY_PHASE_STRIP = NO;
				DEBUG_INFORMATION_FORMAT = "dwarf-with-dsym";
				ENABLE_NS_ASSERTIONS = NO;
				ENABLE_STRICT_OBJC_MSGSEND = YES;
				GCC_C_LANGUAGE_STANDARD = gnu11;
				GCC_NO_COMMON_BLOCKS = YES;
				GCC_WARN_64_TO_32_BIT_CONVERSION = YES;
				GCC_WARN_ABOUT_RETURN_TYPE = YES_ERROR;
				GCC_WARN_UNDECLARED_SELECTOR = YES;
				GCC_WARN_UNINITIALIZED_AUTOS = YES_AGGRESSIVE;
				GCC_WARN_UNUSED_FUNCTION = YES;
				GCC_WARN_UNUSED_VARIABLE = YES;
				IPHONEOS_DEPLOYMENT_TARGET = 11.1;
				MTL_ENABLE_DEBUG_INFO = NO;
				SDKROOT = iphoneos;
				SWIFT_OPTIMIZATION_LEVEL = "-Owholemodule";
				VALIDATE_PRODUCT = YES;
			};
			name = Release;
		};
		32C4D487206E9F4000030A6C /* Debug */ = {
			isa = XCBuildConfiguration;
			buildSettings = {
				ASSETCATALOG_COMPILER_APPICON_NAME = AppIcon;
				CODE_SIGN_STYLE = Automatic;
				INFOPLIST_FILE = PhoneBook/Info.plist;
				LD_RUNPATH_SEARCH_PATHS = "$(inherited) @executable_path/Frameworks";
				PRODUCT_BUNDLE_IDENTIFIER = com.my.PhoneBook;
				PRODUCT_NAME = "$(TARGET_NAME)";
				SWIFT_VERSION = 4.0;
				TARGETED_DEVICE_FAMILY = "1,2";
			};
			name = Debug;
		};
		32C4D488206E9F4000030A6C /* Release */ = {
			isa = XCBuildConfiguration;
			buildSettings = {
				ASSETCATALOG_COMPILER_APPICON_NAME = AppIcon;
				CODE_SIGN_STYLE = Automatic;
				INFOPLIST_FILE = PhoneBook/Info.plist;
				LD_RUNPATH_SEARCH_PATHS = "$(inherited) @executable_path/Frameworks";
				PRODUCT_BUNDLE_IDENTIFIER = com.my.PhoneBook;
				PRODUCT_NAME = "$(TARGET_NAME)";
				SWIFT_VERSION = 4.0;
				TARGETED_DEVICE_FAMILY = "1,2";
			};
			name = Release;
		};
		32C4D48A206E9F4000030A6C /* Debug */ = {
			isa = XCBuildConfiguration;
			buildSettings = {
				ALWAYS_EMBED_SWIFT_STANDARD_LIBRARIES = YES;
				BUNDLE_LOADER = "$(TEST_HOST)";
				CODE_SIGN_STYLE = Automatic;
				INFOPLIST_FILE = PhoneBookTests/Info.plist;
				LD_RUNPATH_SEARCH_PATHS = "$(inherited) @executable_path/Frameworks @loader_path/Frameworks";
				PRODUCT_BUNDLE_IDENTIFIER = com.my.PhoneBookTests;
				PRODUCT_NAME = "$(TARGET_NAME)";
				SWIFT_VERSION = 4.0;
				TARGETED_DEVICE_FAMILY = "1,2";
				TEST_HOST = "$(BUILT_PRODUCTS_DIR)/PhoneBook.app/PhoneBook";
			};
			name = Debug;
		};
		32C4D48B206E9F4000030A6C /* Release */ = {
			isa = XCBuildConfiguration;
			buildSettings = {
				ALWAYS_EMBED_SWIFT_STANDARD_LIBRARIES = YES;
				BUNDLE_LOADER = "$(TEST_HOST)";
				CODE_SIGN_STYLE = Automatic;
				INFOPLIST_FILE = PhoneBookTests/Info.plist;
				LD_RUNPATH_SEARCH_PATHS = "$(inherited) @executable_path/Frameworks @loader_path/Frameworks";
				PRODUCT_BUNDLE_IDENTIFIER = com.my.PhoneBookTests;
				PRODUCT_NAME = "$(TARGET_NAME)";
				SWIFT_VERSION = 4.0;
				TARGETED_DEVICE_FAMILY = "1,2";
				TEST_HOST = "$(BUILT_PRODUCTS_DIR)/PhoneBook.app/PhoneBook";
			};
			name = Release;
		};
		32C4D48D206E9F4000030A6C /* Debug */ = {
			isa = XCBuildConfiguration;
			buildSettings = {
				ALWAYS_EMBED_SWIFT_STANDARD_LIBRARIES = YES;
				CODE_SIGN_STYLE = Automatic;
				INFOPLIST_FILE = PhoneBookUITests/Info.plist;
				LD_RUNPATH_SEARCH_PATHS = "$(inherited) @executable_path/Frameworks @loader_path/Frameworks";
				PRODUCT_BUNDLE_IDENTIFIER = com.my.PhoneBookUITests;
				PRODUCT_NAME = "$(TARGET_NAME)";
				SWIFT_VERSION = 4.0;
				TARGETED_DEVICE_FAMILY = "1,2";
				TEST_TARGET_NAME = PhoneBook;
			};
			name = Debug;
		};
		32C4D48E206E9F4000030A6C /* Release */ = {
			isa = XCBuildConfiguration;
			buildSettings = {
				ALWAYS_EMBED_SWIFT_STANDARD_LIBRARIES = YES;
				CODE_SIGN_STYLE = Automatic;
				INFOPLIST_FILE = PhoneBookUITests/Info.plist;
				LD_RUNPATH_SEARCH_PATHS = "$(inherited) @executable_path/Frameworks @loader_path/Frameworks";
				PRODUCT_BUNDLE_IDENTIFIER = com.my.PhoneBookUITests;
				PRODUCT_NAME = "$(TARGET_NAME)";
				SWIFT_VERSION = 4.0;
				TARGETED_DEVICE_FAMILY = "1,2";
				TEST_TARGET_NAME = PhoneBook;
			};
			name = Release;
		};
/* End XCBuildConfiguration section */

/* Begin XCConfigurationList section */
		32C4D459206E9F4000030A6C /* Build configuration list for PBXProject "PhoneBook" */ = {
			isa = XCConfigurationList;
			buildConfigurations = (
				32C4D484206E9F4000030A6C /* Debug */,
				32C4D485206E9F4000030A6C /* Release */,
			);
			defaultConfigurationIsVisible = 0;
			defaultConfigurationName = Release;
		};
		32C4D486206E9F4000030A6C /* Build configuration list for PBXNativeTarget "PhoneBook" */ = {
			isa = XCConfigurationList;
			buildConfigurations = (
				32C4D487206E9F4000030A6C /* Debug */,
				32C4D488206E9F4000030A6C /* Release */,
			);
			defaultConfigurationIsVisible = 0;
			defaultConfigurationName = Release;
		};
		32C4D489206E9F4000030A6C /* Build configuration list for PBXNativeTarget "PhoneBookTests" */ = {
			isa = XCConfigurationList;
			buildConfigurations = (
				32C4D48A206E9F4000030A6C /* Debug */,
				32C4D48B206E9F4000030A6C /* Release */,
			);
			defaultConfigurationIsVisible = 0;
			defaultConfigurationName = Release;
		};
		32C4D48C206E9F4000030A6C /* Build configuration list for PBXNativeTarget "PhoneBookUITests" */ = {
			isa = XCConfigurationList;
			buildConfigurations = (
				32C4D48D206E9F4000030A6C /* Debug */,
				32C4D48E206E9F4000030A6C /* Release */,
			);
			defaultConfigurationIsVisible = 0;
			defaultConfigurationName = Release;
		};
/* End XCConfigurationList section */
	};
	rootObject = 32C4D456206E9F4000030A6C /* Project object */;
}
